// !$*UTF8*$!
{
	archiveVersion = 1;
	classes = {
	};
	objectVersion = 48;
	objects = {

/* Begin PBXBuildFile section */
		250AF0BA1F8FEFB100BD919B /* UICollectionViewExtensions.swift in Sources */ = {isa = PBXBuildFile; fileRef = 250AF0B91F8FEFB100BD919B /* UICollectionViewExtensions.swift */; };
		250AF0BD1F8FF0FB00BD919B /* Side.swift in Sources */ = {isa = PBXBuildFile; fileRef = 250AF0BC1F8FF0FB00BD919B /* Side.swift */; };
		251B5C681FA9E6D400659A9B /* OptionCollectionViewCell.swift in Sources */ = {isa = PBXBuildFile; fileRef = 251B5C671FA9E6D400659A9B /* OptionCollectionViewCell.swift */; };
		251B5C6C1FAA16E700659A9B /* User.swift in Sources */ = {isa = PBXBuildFile; fileRef = 251B5C6B1FAA16E700659A9B /* User.swift */; };
		251B5C6E1FAA1B3D00659A9B /* InActiveCollectionViewCell.swift in Sources */ = {isa = PBXBuildFile; fileRef = 251B5C6D1FAA1B3D00659A9B /* InActiveCollectionViewCell.swift */; };
		2523D1881FAF1CC4006387AA /* NavigationViewController.swift in Sources */ = {isa = PBXBuildFile; fileRef = 2523D1871FAF1CC4006387AA /* NavigationViewController.swift */; };
		2523D18A1FAF27C7006387AA /* PushFlipAnimator.swift in Sources */ = {isa = PBXBuildFile; fileRef = 2523D1891FAF27C7006387AA /* PushFlipAnimator.swift */; };
		2523D18C1FAF285E006387AA /* PopFlipAnimator.swift in Sources */ = {isa = PBXBuildFile; fileRef = 2523D18B1FAF285E006387AA /* PopFlipAnimator.swift */; };
		2523D18E1FAF29A7006387AA /* PushFlyAnimator.swift in Sources */ = {isa = PBXBuildFile; fileRef = 2523D18D1FAF29A7006387AA /* PushFlyAnimator.swift */; };
		2523D1901FAF29C9006387AA /* PopFlyAnimator.swift in Sources */ = {isa = PBXBuildFile; fileRef = 2523D18F1FAF29C8006387AA /* PopFlyAnimator.swift */; };
		2523D1921FAF2F3D006387AA /* ResultCollectionViewController.swift in Sources */ = {isa = PBXBuildFile; fileRef = 2523D1911FAF2F3D006387AA /* ResultCollectionViewController.swift */; };
		2523D1941FAF3122006387AA /* ChosenNumberCollectionViewCell.swift in Sources */ = {isa = PBXBuildFile; fileRef = 2523D1931FAF3122006387AA /* ChosenNumberCollectionViewCell.swift */; };
		2527801E1F9A25FF00E69AFA /* FloatExtension.swift in Sources */ = {isa = PBXBuildFile; fileRef = 2527801D1F9A25FF00E69AFA /* FloatExtension.swift */; };
		255A6DEB1F8F67D000C76EAD /* MainFlowLayout.swift in Sources */ = {isa = PBXBuildFile; fileRef = 255A6DEA1F8F67D000C76EAD /* MainFlowLayout.swift */; };
		255A6DED1F8F726300C76EAD /* NumberTileCollectionViewCell.swift in Sources */ = {isa = PBXBuildFile; fileRef = 255A6DEC1F8F726300C76EAD /* NumberTileCollectionViewCell.swift */; };
		255A6DF31F8F95B700C76EAD /* FlyAnimator.swift in Sources */ = {isa = PBXBuildFile; fileRef = 255A6DF21F8F95B700C76EAD /* FlyAnimator.swift */; };
		255A6DF51F8F95EB00C76EAD /* ColorViewController.swift in Sources */ = {isa = PBXBuildFile; fileRef = 255A6DF41F8F95EB00C76EAD /* ColorViewController.swift */; };
		2578C2F920C8F72B006329D1 /* TshirtCollectionViewController.swift in Sources */ = {isa = PBXBuildFile; fileRef = 2578C2F820C8F72B006329D1 /* TshirtCollectionViewController.swift */; };
		2578C2FE20C99EF3006329D1 /* Tile.swift in Sources */ = {isa = PBXBuildFile; fileRef = 2578C2FD20C99EF3006329D1 /* Tile.swift */; };
		2578C30920C9C747006329D1 /* NumberViewController.swift in Sources */ = {isa = PBXBuildFile; fileRef = 2578C30820C9C747006329D1 /* NumberViewController.swift */; };
		25AE022E1F0B7389004EA053 /* AppDelegate.swift in Sources */ = {isa = PBXBuildFile; fileRef = 25AE022D1F0B7389004EA053 /* AppDelegate.swift */; };
		25AE02351F0B7389004EA053 /* Assets.xcassets in Resources */ = {isa = PBXBuildFile; fileRef = 25AE02341F0B7389004EA053 /* Assets.xcassets */; };
		25AE02381F0B7389004EA053 /* LaunchScreen.storyboard in Resources */ = {isa = PBXBuildFile; fileRef = 25AE02361F0B7389004EA053 /* LaunchScreen.storyboard */; };
		25AE02431F0B7389004EA053 /* ScrileTests.swift in Sources */ = {isa = PBXBuildFile; fileRef = 25AE02421F0B7389004EA053 /* ScrileTests.swift */; };
		25AE024E1F0B7389004EA053 /* ScrileUITests.swift in Sources */ = {isa = PBXBuildFile; fileRef = 25AE024D1F0B7389004EA053 /* ScrileUITests.swift */; };
		25BF23031F9F2FAA00F0D806 /* VAGRoundedStd-Thin.otf in Resources */ = {isa = PBXBuildFile; fileRef = 25BF23011F9F2FAA00F0D806 /* VAGRoundedStd-Thin.otf */; };
		25BF23041F9F2FAA00F0D806 /* VAGRoundedStd-Bold.otf in Resources */ = {isa = PBXBuildFile; fileRef = 25BF23021F9F2FAA00F0D806 /* VAGRoundedStd-Bold.otf */; };
		25BF23061F9F303900F0D806 /* UIFontExtension.swift in Sources */ = {isa = PBXBuildFile; fileRef = 25BF23051F9F303900F0D806 /* UIFontExtension.swift */; };
		25DEB2271F90B0CB00C015F7 /* UIColorExtension.swift in Sources */ = {isa = PBXBuildFile; fileRef = 25DEB2261F90B0CB00C015F7 /* UIColorExtension.swift */; };
		25DEB22B1F90D01700C015F7 /* CGRectExtension.swift in Sources */ = {isa = PBXBuildFile; fileRef = 25DEB22A1F90D01700C015F7 /* CGRectExtension.swift */; };
		25DEB22D1F90D5E900C015F7 /* ArrayExtension.swift in Sources */ = {isa = PBXBuildFile; fileRef = 25DEB22C1F90D5E900C015F7 /* ArrayExtension.swift */; };
		25F5B5241FA240DF00CEC2C1 /* FlipAnimator.swift in Sources */ = {isa = PBXBuildFile; fileRef = 25F5B5231FA240DF00CEC2C1 /* FlipAnimator.swift */; };
		25F5B5261FA2423000CEC2C1 /* HiddenNumberViewController.swift in Sources */ = {isa = PBXBuildFile; fileRef = 25F5B5251FA2423000CEC2C1 /* HiddenNumberViewController.swift */; };
		25F5B5281FA244B600CEC2C1 /* HiddenNumberTileCollectionViewCell.swift in Sources */ = {isa = PBXBuildFile; fileRef = 25F5B5271FA244B600CEC2C1 /* HiddenNumberTileCollectionViewCell.swift */; };
		25F5B52A1FA2452E00CEC2C1 /* TileCollectionViewCell.swift in Sources */ = {isa = PBXBuildFile; fileRef = 25F5B5291FA2452E00CEC2C1 /* TileCollectionViewCell.swift */; };
		25F5B52C1FA9BA2100CEC2C1 /* TileCollectionViewController.swift in Sources */ = {isa = PBXBuildFile; fileRef = 25F5B52B1FA9BA2100CEC2C1 /* TileCollectionViewController.swift */; };
		25F6AD1D1F9502E400B63CA3 /* IntExtension.swift in Sources */ = {isa = PBXBuildFile; fileRef = 25F6AD1C1F9502E400B63CA3 /* IntExtension.swift */; };
/* End PBXBuildFile section */

/* Begin PBXContainerItemProxy section */
		25AE023F1F0B7389004EA053 /* PBXContainerItemProxy */ = {
			isa = PBXContainerItemProxy;
			containerPortal = 25AE02221F0B7388004EA053 /* Project object */;
			proxyType = 1;
			remoteGlobalIDString = 25AE02291F0B7389004EA053;
			remoteInfo = Scrile;
		};
		25AE024A1F0B7389004EA053 /* PBXContainerItemProxy */ = {
			isa = PBXContainerItemProxy;
			containerPortal = 25AE02221F0B7388004EA053 /* Project object */;
			proxyType = 1;
			remoteGlobalIDString = 25AE02291F0B7389004EA053;
			remoteInfo = Scrile;
		};
/* End PBXContainerItemProxy section */

/* Begin PBXFileReference section */
		250AF0B91F8FEFB100BD919B /* UICollectionViewExtensions.swift */ = {isa = PBXFileReference; lastKnownFileType = sourcecode.swift; path = UICollectionViewExtensions.swift; sourceTree = "<group>"; };
		250AF0BC1F8FF0FB00BD919B /* Side.swift */ = {isa = PBXFileReference; lastKnownFileType = sourcecode.swift; path = Side.swift; sourceTree = "<group>"; };
		251B5C671FA9E6D400659A9B /* OptionCollectionViewCell.swift */ = {isa = PBXFileReference; lastKnownFileType = sourcecode.swift; path = OptionCollectionViewCell.swift; sourceTree = "<group>"; };
		251B5C6B1FAA16E700659A9B /* User.swift */ = {isa = PBXFileReference; lastKnownFileType = sourcecode.swift; path = User.swift; sourceTree = "<group>"; };
		251B5C6D1FAA1B3D00659A9B /* InActiveCollectionViewCell.swift */ = {isa = PBXFileReference; lastKnownFileType = sourcecode.swift; path = InActiveCollectionViewCell.swift; sourceTree = "<group>"; };
		2523D1871FAF1CC4006387AA /* NavigationViewController.swift */ = {isa = PBXFileReference; lastKnownFileType = sourcecode.swift; path = NavigationViewController.swift; sourceTree = "<group>"; };
		2523D1891FAF27C7006387AA /* PushFlipAnimator.swift */ = {isa = PBXFileReference; lastKnownFileType = sourcecode.swift; path = PushFlipAnimator.swift; sourceTree = "<group>"; };
		2523D18B1FAF285E006387AA /* PopFlipAnimator.swift */ = {isa = PBXFileReference; lastKnownFileType = sourcecode.swift; path = PopFlipAnimator.swift; sourceTree = "<group>"; };
		2523D18D1FAF29A7006387AA /* PushFlyAnimator.swift */ = {isa = PBXFileReference; lastKnownFileType = sourcecode.swift; path = PushFlyAnimator.swift; sourceTree = "<group>"; };
		2523D18F1FAF29C8006387AA /* PopFlyAnimator.swift */ = {isa = PBXFileReference; lastKnownFileType = sourcecode.swift; path = PopFlyAnimator.swift; sourceTree = "<group>"; };
		2523D1911FAF2F3D006387AA /* ResultCollectionViewController.swift */ = {isa = PBXFileReference; lastKnownFileType = sourcecode.swift; name = ResultCollectionViewController.swift; path = Scrile/ResultCollectionViewController.swift; sourceTree = SOURCE_ROOT; };
		2523D1931FAF3122006387AA /* ChosenNumberCollectionViewCell.swift */ = {isa = PBXFileReference; lastKnownFileType = sourcecode.swift; path = ChosenNumberCollectionViewCell.swift; sourceTree = "<group>"; };
		2527801D1F9A25FF00E69AFA /* FloatExtension.swift */ = {isa = PBXFileReference; lastKnownFileType = sourcecode.swift; path = FloatExtension.swift; sourceTree = "<group>"; };
		255A6DEA1F8F67D000C76EAD /* MainFlowLayout.swift */ = {isa = PBXFileReference; lastKnownFileType = sourcecode.swift; path = MainFlowLayout.swift; sourceTree = "<group>"; };
		255A6DEC1F8F726300C76EAD /* NumberTileCollectionViewCell.swift */ = {isa = PBXFileReference; lastKnownFileType = sourcecode.swift; path = NumberTileCollectionViewCell.swift; sourceTree = "<group>"; };
		255A6DF21F8F95B700C76EAD /* FlyAnimator.swift */ = {isa = PBXFileReference; lastKnownFileType = sourcecode.swift; path = FlyAnimator.swift; sourceTree = "<group>"; };
		255A6DF41F8F95EB00C76EAD /* ColorViewController.swift */ = {isa = PBXFileReference; lastKnownFileType = sourcecode.swift; path = ColorViewController.swift; sourceTree = "<group>"; };
		2578C2F820C8F72B006329D1 /* TshirtCollectionViewController.swift */ = {isa = PBXFileReference; lastKnownFileType = sourcecode.swift; path = TshirtCollectionViewController.swift; sourceTree = "<group>"; };
		2578C2FD20C99EF3006329D1 /* Tile.swift */ = {isa = PBXFileReference; lastKnownFileType = sourcecode.swift; path = Tile.swift; sourceTree = "<group>"; };
		2578C30820C9C747006329D1 /* NumberViewController.swift */ = {isa = PBXFileReference; lastKnownFileType = sourcecode.swift; path = NumberViewController.swift; sourceTree = "<group>"; };
		25AE022A1F0B7389004EA053 /* Scrile.app */ = {isa = PBXFileReference; explicitFileType = wrapper.application; includeInIndex = 0; path = Scrile.app; sourceTree = BUILT_PRODUCTS_DIR; };
		25AE022D1F0B7389004EA053 /* AppDelegate.swift */ = {isa = PBXFileReference; lastKnownFileType = sourcecode.swift; path = AppDelegate.swift; sourceTree = "<group>"; };
		25AE02341F0B7389004EA053 /* Assets.xcassets */ = {isa = PBXFileReference; lastKnownFileType = folder.assetcatalog; path = Assets.xcassets; sourceTree = "<group>"; };
		25AE02371F0B7389004EA053 /* Base */ = {isa = PBXFileReference; lastKnownFileType = file.storyboard; name = Base; path = Base.lproj/LaunchScreen.storyboard; sourceTree = "<group>"; };
		25AE02391F0B7389004EA053 /* Info.plist */ = {isa = PBXFileReference; lastKnownFileType = text.plist.xml; path = Info.plist; sourceTree = "<group>"; };
		25AE023E1F0B7389004EA053 /* ScrileTests.xctest */ = {isa = PBXFileReference; explicitFileType = wrapper.cfbundle; includeInIndex = 0; path = ScrileTests.xctest; sourceTree = BUILT_PRODUCTS_DIR; };
		25AE02421F0B7389004EA053 /* ScrileTests.swift */ = {isa = PBXFileReference; lastKnownFileType = sourcecode.swift; path = ScrileTests.swift; sourceTree = "<group>"; };
		25AE02441F0B7389004EA053 /* Info.plist */ = {isa = PBXFileReference; lastKnownFileType = text.plist.xml; path = Info.plist; sourceTree = "<group>"; };
		25AE02491F0B7389004EA053 /* ScrileUITests.xctest */ = {isa = PBXFileReference; explicitFileType = wrapper.cfbundle; includeInIndex = 0; path = ScrileUITests.xctest; sourceTree = BUILT_PRODUCTS_DIR; };
		25AE024D1F0B7389004EA053 /* ScrileUITests.swift */ = {isa = PBXFileReference; lastKnownFileType = sourcecode.swift; path = ScrileUITests.swift; sourceTree = "<group>"; };
		25AE024F1F0B7389004EA053 /* Info.plist */ = {isa = PBXFileReference; lastKnownFileType = text.plist.xml; path = Info.plist; sourceTree = "<group>"; };
		25BF23011F9F2FAA00F0D806 /* VAGRoundedStd-Thin.otf */ = {isa = PBXFileReference; lastKnownFileType = file; path = "VAGRoundedStd-Thin.otf"; sourceTree = "<group>"; };
		25BF23021F9F2FAA00F0D806 /* VAGRoundedStd-Bold.otf */ = {isa = PBXFileReference; lastKnownFileType = file; path = "VAGRoundedStd-Bold.otf"; sourceTree = "<group>"; };
		25BF23051F9F303900F0D806 /* UIFontExtension.swift */ = {isa = PBXFileReference; lastKnownFileType = sourcecode.swift; path = UIFontExtension.swift; sourceTree = "<group>"; };
		25DEB2261F90B0CB00C015F7 /* UIColorExtension.swift */ = {isa = PBXFileReference; lastKnownFileType = sourcecode.swift; path = UIColorExtension.swift; sourceTree = "<group>"; };
		25DEB22A1F90D01700C015F7 /* CGRectExtension.swift */ = {isa = PBXFileReference; lastKnownFileType = sourcecode.swift; path = CGRectExtension.swift; sourceTree = "<group>"; };
		25DEB22C1F90D5E900C015F7 /* ArrayExtension.swift */ = {isa = PBXFileReference; lastKnownFileType = sourcecode.swift; path = ArrayExtension.swift; sourceTree = "<group>"; };
		25F5B5231FA240DF00CEC2C1 /* FlipAnimator.swift */ = {isa = PBXFileReference; lastKnownFileType = sourcecode.swift; path = FlipAnimator.swift; sourceTree = "<group>"; };
		25F5B5251FA2423000CEC2C1 /* HiddenNumberViewController.swift */ = {isa = PBXFileReference; lastKnownFileType = sourcecode.swift; path = HiddenNumberViewController.swift; sourceTree = "<group>"; };
		25F5B5271FA244B600CEC2C1 /* HiddenNumberTileCollectionViewCell.swift */ = {isa = PBXFileReference; lastKnownFileType = sourcecode.swift; path = HiddenNumberTileCollectionViewCell.swift; sourceTree = "<group>"; };
		25F5B5291FA2452E00CEC2C1 /* TileCollectionViewCell.swift */ = {isa = PBXFileReference; lastKnownFileType = sourcecode.swift; path = TileCollectionViewCell.swift; sourceTree = "<group>"; };
		25F5B52B1FA9BA2100CEC2C1 /* TileCollectionViewController.swift */ = {isa = PBXFileReference; lastKnownFileType = sourcecode.swift; path = TileCollectionViewController.swift; sourceTree = "<group>"; };
		25F6AD1C1F9502E400B63CA3 /* IntExtension.swift */ = {isa = PBXFileReference; lastKnownFileType = sourcecode.swift; path = IntExtension.swift; sourceTree = "<group>"; };
/* End PBXFileReference section */

/* Begin PBXFrameworksBuildPhase section */
		25AE02271F0B7389004EA053 /* Frameworks */ = {
			isa = PBXFrameworksBuildPhase;
			buildActionMask = 2147483647;
			files = (
			);
			runOnlyForDeploymentPostprocessing = 0;
		};
		25AE023B1F0B7389004EA053 /* Frameworks */ = {
			isa = PBXFrameworksBuildPhase;
			buildActionMask = 2147483647;
			files = (
			);
			runOnlyForDeploymentPostprocessing = 0;
		};
		25AE02461F0B7389004EA053 /* Frameworks */ = {
			isa = PBXFrameworksBuildPhase;
			buildActionMask = 2147483647;
			files = (
			);
			runOnlyForDeploymentPostprocessing = 0;
		};
/* End PBXFrameworksBuildPhase section */

/* Begin PBXGroup section */
		250AF0B81F8FEF7300BD919B /* Extensions */ = {
			isa = PBXGroup;
			children = (
				250AF0B91F8FEFB100BD919B /* UICollectionViewExtensions.swift */,
				25DEB2261F90B0CB00C015F7 /* UIColorExtension.swift */,
				25DEB22A1F90D01700C015F7 /* CGRectExtension.swift */,
				25DEB22C1F90D5E900C015F7 /* ArrayExtension.swift */,
				25F6AD1C1F9502E400B63CA3 /* IntExtension.swift */,
				2527801D1F9A25FF00E69AFA /* FloatExtension.swift */,
				25BF23051F9F303900F0D806 /* UIFontExtension.swift */,
			);
			path = Extensions;
			sourceTree = "<group>";
		};
		250AF0BB1F8FF0E400BD919B /* Models */ = {
			isa = PBXGroup;
			children = (
				250AF0BC1F8FF0FB00BD919B /* Side.swift */,
				251B5C6B1FAA16E700659A9B /* User.swift */,
			);
			path = Models;
			sourceTree = "<group>";
		};
		255A6DF61F8FB33600C76EAD /* UI */ = {
			isa = PBXGroup;
			children = (
				255A6DF81F8FB36800C76EAD /* Animators */,
				255A6DFA1F8FB39100C76EAD /* Cells */,
				255A6DF91F8FB38100C76EAD /* FlowLayouts */,
				255A6DFD1F8FB3CC00C76EAD /* Storyboards */,
				255A6DF71F8FB34300C76EAD /* ViewControllers */,
			);
			path = UI;
			sourceTree = "<group>";
		};
		255A6DF71F8FB34300C76EAD /* ViewControllers */ = {
			isa = PBXGroup;
			children = (
				255A6DF41F8F95EB00C76EAD /* ColorViewController.swift */,
				25F5B5251FA2423000CEC2C1 /* HiddenNumberViewController.swift */,
				25F5B52B1FA9BA2100CEC2C1 /* TileCollectionViewController.swift */,
				2523D1871FAF1CC4006387AA /* NavigationViewController.swift */,
				2523D1911FAF2F3D006387AA /* ResultCollectionViewController.swift */,
				2578C2F820C8F72B006329D1 /* TshirtCollectionViewController.swift */,
				2578C30820C9C747006329D1 /* NumberViewController.swift */,
			);
			path = ViewControllers;
			sourceTree = "<group>";
		};
		255A6DF81F8FB36800C76EAD /* Animators */ = {
			isa = PBXGroup;
			children = (
				255A6DF21F8F95B700C76EAD /* FlyAnimator.swift */,
				25F5B5231FA240DF00CEC2C1 /* FlipAnimator.swift */,
				2523D1891FAF27C7006387AA /* PushFlipAnimator.swift */,
				2523D18B1FAF285E006387AA /* PopFlipAnimator.swift */,
				2523D18D1FAF29A7006387AA /* PushFlyAnimator.swift */,
				2523D18F1FAF29C8006387AA /* PopFlyAnimator.swift */,
			);
			path = Animators;
			sourceTree = "<group>";
		};
		255A6DF91F8FB38100C76EAD /* FlowLayouts */ = {
			isa = PBXGroup;
			children = (
				255A6DEA1F8F67D000C76EAD /* MainFlowLayout.swift */,
			);
			path = FlowLayouts;
			sourceTree = "<group>";
		};
		255A6DFA1F8FB39100C76EAD /* Cells */ = {
			isa = PBXGroup;
			children = (
				255A6DEC1F8F726300C76EAD /* NumberTileCollectionViewCell.swift */,
				25F5B5271FA244B600CEC2C1 /* HiddenNumberTileCollectionViewCell.swift */,
				25F5B5291FA2452E00CEC2C1 /* TileCollectionViewCell.swift */,
				251B5C671FA9E6D400659A9B /* OptionCollectionViewCell.swift */,
				251B5C6D1FAA1B3D00659A9B /* InActiveCollectionViewCell.swift */,
				2523D1931FAF3122006387AA /* ChosenNumberCollectionViewCell.swift */,
			);
			path = Cells;
			sourceTree = "<group>";
		};
		255A6DFC1F8FB3B700C76EAD /* Resources */ = {
			isa = PBXGroup;
			children = (
				25BF23001F9F2F6700F0D806 /* Fonts */,
				25AE02341F0B7389004EA053 /* Assets.xcassets */,
			);
			path = Resources;
			sourceTree = "<group>";
		};
		255A6DFD1F8FB3CC00C76EAD /* Storyboards */ = {
			isa = PBXGroup;
			children = (
				25AE02361F0B7389004EA053 /* LaunchScreen.storyboard */,
			);
			path = Storyboards;
			sourceTree = "<group>";
		};
		255A6DFE1F8FB3F300C76EAD /* Supporting Files */ = {
			isa = PBXGroup;
			children = (
				25AE02391F0B7389004EA053 /* Info.plist */,
			);
			path = "Supporting Files";
			sourceTree = "<group>";
		};
		2578C2FC20C99EDC006329D1 /* Protocols */ = {
			isa = PBXGroup;
			children = (
				2578C2FD20C99EF3006329D1 /* Tile.swift */,
			);
			path = Protocols;
			sourceTree = "<group>";
		};
		25AE02211F0B7388004EA053 = {
			isa = PBXGroup;
			children = (
				25AE022C1F0B7389004EA053 /* Scrile */,
				25AE02411F0B7389004EA053 /* ScrileTests */,
				25AE024C1F0B7389004EA053 /* ScrileUITests */,
				25AE022B1F0B7389004EA053 /* Products */,
			);
			sourceTree = "<group>";
		};
		25AE022B1F0B7389004EA053 /* Products */ = {
			isa = PBXGroup;
			children = (
				25AE022A1F0B7389004EA053 /* Scrile.app */,
				25AE023E1F0B7389004EA053 /* ScrileTests.xctest */,
				25AE02491F0B7389004EA053 /* ScrileUITests.xctest */,
			);
			name = Products;
			sourceTree = "<group>";
		};
		25AE022C1F0B7389004EA053 /* Scrile */ = {
			isa = PBXGroup;
			children = (
				2578C2FC20C99EDC006329D1 /* Protocols */,
				25AE022D1F0B7389004EA053 /* AppDelegate.swift */,
				255A6DF61F8FB33600C76EAD /* UI */,
				250AF0B81F8FEF7300BD919B /* Extensions */,
				250AF0BB1F8FF0E400BD919B /* Models */,
				255A6DFC1F8FB3B700C76EAD /* Resources */,
				255A6DFE1F8FB3F300C76EAD /* Supporting Files */,
			);
			path = Scrile;
			sourceTree = "<group>";
		};
		25AE02411F0B7389004EA053 /* ScrileTests */ = {
			isa = PBXGroup;
			children = (
				25AE02421F0B7389004EA053 /* ScrileTests.swift */,
				25AE02441F0B7389004EA053 /* Info.plist */,
			);
			path = ScrileTests;
			sourceTree = "<group>";
		};
		25AE024C1F0B7389004EA053 /* ScrileUITests */ = {
			isa = PBXGroup;
			children = (
				25AE024D1F0B7389004EA053 /* ScrileUITests.swift */,
				25AE024F1F0B7389004EA053 /* Info.plist */,
			);
			path = ScrileUITests;
			sourceTree = "<group>";
		};
		25BF23001F9F2F6700F0D806 /* Fonts */ = {
			isa = PBXGroup;
			children = (
				25BF23021F9F2FAA00F0D806 /* VAGRoundedStd-Bold.otf */,
				25BF23011F9F2FAA00F0D806 /* VAGRoundedStd-Thin.otf */,
			);
			path = Fonts;
			sourceTree = "<group>";
		};
/* End PBXGroup section */

/* Begin PBXNativeTarget section */
		25AE02291F0B7389004EA053 /* Scrile */ = {
			isa = PBXNativeTarget;
			buildConfigurationList = 25AE02521F0B7389004EA053 /* Build configuration list for PBXNativeTarget "Scrile" */;
			buildPhases = (
				25AE02261F0B7389004EA053 /* Sources */,
				25AE02271F0B7389004EA053 /* Frameworks */,
				25AE02281F0B7389004EA053 /* Resources */,
			);
			buildRules = (
			);
			dependencies = (
			);
			name = Scrile;
			productName = Scrile;
			productReference = 25AE022A1F0B7389004EA053 /* Scrile.app */;
			productType = "com.apple.product-type.application";
		};
		25AE023D1F0B7389004EA053 /* ScrileTests */ = {
			isa = PBXNativeTarget;
			buildConfigurationList = 25AE02551F0B7389004EA053 /* Build configuration list for PBXNativeTarget "ScrileTests" */;
			buildPhases = (
				25AE023A1F0B7389004EA053 /* Sources */,
				25AE023B1F0B7389004EA053 /* Frameworks */,
				25AE023C1F0B7389004EA053 /* Resources */,
			);
			buildRules = (
			);
			dependencies = (
				25AE02401F0B7389004EA053 /* PBXTargetDependency */,
			);
			name = ScrileTests;
			productName = ScrileTests;
			productReference = 25AE023E1F0B7389004EA053 /* ScrileTests.xctest */;
			productType = "com.apple.product-type.bundle.unit-test";
		};
		25AE02481F0B7389004EA053 /* ScrileUITests */ = {
			isa = PBXNativeTarget;
			buildConfigurationList = 25AE02581F0B7389004EA053 /* Build configuration list for PBXNativeTarget "ScrileUITests" */;
			buildPhases = (
				25AE02451F0B7389004EA053 /* Sources */,
				25AE02461F0B7389004EA053 /* Frameworks */,
				25AE02471F0B7389004EA053 /* Resources */,
			);
			buildRules = (
			);
			dependencies = (
				25AE024B1F0B7389004EA053 /* PBXTargetDependency */,
			);
			name = ScrileUITests;
			productName = ScrileUITests;
			productReference = 25AE02491F0B7389004EA053 /* ScrileUITests.xctest */;
			productType = "com.apple.product-type.bundle.ui-testing";
		};
/* End PBXNativeTarget section */

/* Begin PBXProject section */
		25AE02221F0B7388004EA053 /* Project object */ = {
			isa = PBXProject;
			attributes = {
				LastSwiftUpdateCheck = 0900;
				LastUpgradeCheck = 0900;
				ORGANIZATIONNAME = "In The Pocket";
				TargetAttributes = {
					25AE02291F0B7389004EA053 = {
						CreatedOnToolsVersion = 9.0;
					};
					25AE023D1F0B7389004EA053 = {
						CreatedOnToolsVersion = 9.0;
						TestTargetID = 25AE02291F0B7389004EA053;
					};
					25AE02481F0B7389004EA053 = {
						CreatedOnToolsVersion = 9.0;
						TestTargetID = 25AE02291F0B7389004EA053;
					};
				};
			};
			buildConfigurationList = 25AE02251F0B7388004EA053 /* Build configuration list for PBXProject "Scrile" */;
			compatibilityVersion = "Xcode 8.0";
			developmentRegion = en;
			hasScannedForEncodings = 0;
			knownRegions = (
				en,
				Base,
			);
			mainGroup = 25AE02211F0B7388004EA053;
			productRefGroup = 25AE022B1F0B7389004EA053 /* Products */;
			projectDirPath = "";
			projectRoot = "";
			targets = (
				25AE02291F0B7389004EA053 /* Scrile */,
				25AE023D1F0B7389004EA053 /* ScrileTests */,
				25AE02481F0B7389004EA053 /* ScrileUITests */,
			);
		};
/* End PBXProject section */

/* Begin PBXResourcesBuildPhase section */
		25AE02281F0B7389004EA053 /* Resources */ = {
			isa = PBXResourcesBuildPhase;
			buildActionMask = 2147483647;
			files = (
				25AE02381F0B7389004EA053 /* LaunchScreen.storyboard in Resources */,
				25BF23041F9F2FAA00F0D806 /* VAGRoundedStd-Bold.otf in Resources */,
				25BF23031F9F2FAA00F0D806 /* VAGRoundedStd-Thin.otf in Resources */,
				25AE02351F0B7389004EA053 /* Assets.xcassets in Resources */,
			);
			runOnlyForDeploymentPostprocessing = 0;
		};
		25AE023C1F0B7389004EA053 /* Resources */ = {
			isa = PBXResourcesBuildPhase;
			buildActionMask = 2147483647;
			files = (
			);
			runOnlyForDeploymentPostprocessing = 0;
		};
		25AE02471F0B7389004EA053 /* Resources */ = {
			isa = PBXResourcesBuildPhase;
			buildActionMask = 2147483647;
			files = (
			);
			runOnlyForDeploymentPostprocessing = 0;
		};
/* End PBXResourcesBuildPhase section */

/* Begin PBXSourcesBuildPhase section */
		25AE02261F0B7389004EA053 /* Sources */ = {
			isa = PBXSourcesBuildPhase;
			buildActionMask = 2147483647;
			files = (
				255A6DF31F8F95B700C76EAD /* FlyAnimator.swift in Sources */,
				2523D18C1FAF285E006387AA /* PopFlipAnimator.swift in Sources */,
				25F5B5281FA244B600CEC2C1 /* HiddenNumberTileCollectionViewCell.swift in Sources */,
				255A6DED1F8F726300C76EAD /* NumberTileCollectionViewCell.swift in Sources */,
				2523D1881FAF1CC4006387AA /* NavigationViewController.swift in Sources */,
				250AF0BD1F8FF0FB00BD919B /* Side.swift in Sources */,
				25F5B5241FA240DF00CEC2C1 /* FlipAnimator.swift in Sources */,
				25DEB22D1F90D5E900C015F7 /* ArrayExtension.swift in Sources */,
				255A6DF51F8F95EB00C76EAD /* ColorViewController.swift in Sources */,
				2523D1901FAF29C9006387AA /* PopFlyAnimator.swift in Sources */,
				2523D18E1FAF29A7006387AA /* PushFlyAnimator.swift in Sources */,
				2578C2FE20C99EF3006329D1 /* Tile.swift in Sources */,
				25F6AD1D1F9502E400B63CA3 /* IntExtension.swift in Sources */,
				250AF0BA1F8FEFB100BD919B /* UICollectionViewExtensions.swift in Sources */,
				251B5C6E1FAA1B3D00659A9B /* InActiveCollectionViewCell.swift in Sources */,
				251B5C6C1FAA16E700659A9B /* User.swift in Sources */,
				25DEB2271F90B0CB00C015F7 /* UIColorExtension.swift in Sources */,
				2523D1921FAF2F3D006387AA /* ResultCollectionViewController.swift in Sources */,
				255A6DEB1F8F67D000C76EAD /* MainFlowLayout.swift in Sources */,
				2578C2F920C8F72B006329D1 /* TshirtCollectionViewController.swift in Sources */,
				2523D18A1FAF27C7006387AA /* PushFlipAnimator.swift in Sources */,
				2523D1941FAF3122006387AA /* ChosenNumberCollectionViewCell.swift in Sources */,
				25F5B52A1FA2452E00CEC2C1 /* TileCollectionViewCell.swift in Sources */,
				2527801E1F9A25FF00E69AFA /* FloatExtension.swift in Sources */,
				25BF23061F9F303900F0D806 /* UIFontExtension.swift in Sources */,
				25AE022E1F0B7389004EA053 /* AppDelegate.swift in Sources */,
				25F5B52C1FA9BA2100CEC2C1 /* TileCollectionViewController.swift in Sources */,
				251B5C681FA9E6D400659A9B /* OptionCollectionViewCell.swift in Sources */,
				25F5B5261FA2423000CEC2C1 /* HiddenNumberViewController.swift in Sources */,
				25DEB22B1F90D01700C015F7 /* CGRectExtension.swift in Sources */,
				2578C30920C9C747006329D1 /* NumberViewController.swift in Sources */,
			);
			runOnlyForDeploymentPostprocessing = 0;
		};
		25AE023A1F0B7389004EA053 /* Sources */ = {
			isa = PBXSourcesBuildPhase;
			buildActionMask = 2147483647;
			files = (
				25AE02431F0B7389004EA053 /* ScrileTests.swift in Sources */,
			);
			runOnlyForDeploymentPostprocessing = 0;
		};
		25AE02451F0B7389004EA053 /* Sources */ = {
			isa = PBXSourcesBuildPhase;
			buildActionMask = 2147483647;
			files = (
				25AE024E1F0B7389004EA053 /* ScrileUITests.swift in Sources */,
			);
			runOnlyForDeploymentPostprocessing = 0;
		};
/* End PBXSourcesBuildPhase section */

/* Begin PBXTargetDependency section */
		25AE02401F0B7389004EA053 /* PBXTargetDependency */ = {
			isa = PBXTargetDependency;
			target = 25AE02291F0B7389004EA053 /* Scrile */;
			targetProxy = 25AE023F1F0B7389004EA053 /* PBXContainerItemProxy */;
		};
		25AE024B1F0B7389004EA053 /* PBXTargetDependency */ = {
			isa = PBXTargetDependency;
			target = 25AE02291F0B7389004EA053 /* Scrile */;
			targetProxy = 25AE024A1F0B7389004EA053 /* PBXContainerItemProxy */;
		};
/* End PBXTargetDependency section */

/* Begin PBXVariantGroup section */
		25AE02361F0B7389004EA053 /* LaunchScreen.storyboard */ = {
			isa = PBXVariantGroup;
			children = (
				25AE02371F0B7389004EA053 /* Base */,
			);
			name = LaunchScreen.storyboard;
			sourceTree = "<group>";
		};
/* End PBXVariantGroup section */

/* Begin XCBuildConfiguration section */
		25AE02501F0B7389004EA053 /* Debug */ = {
			isa = XCBuildConfiguration;
			buildSettings = {
				ALWAYS_SEARCH_USER_PATHS = NO;
				CLANG_ANALYZER_NONNULL = YES;
				CLANG_ANALYZER_NUMBER_OBJECT_CONVERSION = YES_AGGRESSIVE;
				CLANG_CXX_LANGUAGE_STANDARD = "gnu++14";
				CLANG_CXX_LIBRARY = "libc++";
				CLANG_ENABLE_MODULES = YES;
				CLANG_ENABLE_OBJC_ARC = YES;
				CLANG_WARN_BLOCK_CAPTURE_AUTORELEASING = YES;
				CLANG_WARN_BOOL_CONVERSION = YES;
				CLANG_WARN_COMMA = YES;
				CLANG_WARN_CONSTANT_CONVERSION = YES;
				CLANG_WARN_DIRECT_OBJC_ISA_USAGE = YES_ERROR;
				CLANG_WARN_DOCUMENTATION_COMMENTS = YES;
				CLANG_WARN_EMPTY_BODY = YES;
				CLANG_WARN_ENUM_CONVERSION = YES;
				CLANG_WARN_INFINITE_RECURSION = YES;
				CLANG_WARN_INT_CONVERSION = YES;
				CLANG_WARN_NON_LITERAL_NULL_CONVERSION = YES;
				CLANG_WARN_OBJC_LITERAL_CONVERSION = YES;
				CLANG_WARN_OBJC_ROOT_CLASS = YES_ERROR;
				CLANG_WARN_RANGE_LOOP_ANALYSIS = YES;
				CLANG_WARN_STRICT_PROTOTYPES = YES;
				CLANG_WARN_SUSPICIOUS_MOVE = YES;
				CLANG_WARN_UNGUARDED_AVAILABILITY = YES_AGGRESSIVE;
				CLANG_WARN_UNREACHABLE_CODE = YES;
				CLANG_WARN__DUPLICATE_METHOD_MATCH = YES;
				CODE_SIGN_IDENTITY = "iPhone Developer";
				COPY_PHASE_STRIP = NO;
				DEBUG_INFORMATION_FORMAT = dwarf;
				ENABLE_STRICT_OBJC_MSGSEND = YES;
				ENABLE_TESTABILITY = YES;
				GCC_C_LANGUAGE_STANDARD = gnu11;
				GCC_DYNAMIC_NO_PIC = NO;
				GCC_NO_COMMON_BLOCKS = YES;
				GCC_OPTIMIZATION_LEVEL = 0;
				GCC_PREPROCESSOR_DEFINITIONS = (
					"DEBUG=1",
					"$(inherited)",
				);
				GCC_WARN_64_TO_32_BIT_CONVERSION = YES;
				GCC_WARN_ABOUT_RETURN_TYPE = YES_ERROR;
				GCC_WARN_UNDECLARED_SELECTOR = YES;
				GCC_WARN_UNINITIALIZED_AUTOS = YES_AGGRESSIVE;
				GCC_WARN_UNUSED_FUNCTION = YES;
				GCC_WARN_UNUSED_VARIABLE = YES;
				IPHONEOS_DEPLOYMENT_TARGET = 11.0;
				MTL_ENABLE_DEBUG_INFO = YES;
				ONLY_ACTIVE_ARCH = YES;
				SDKROOT = iphoneos;
				SWIFT_ACTIVE_COMPILATION_CONDITIONS = DEBUG;
				SWIFT_OPTIMIZATION_LEVEL = "-Onone";
				SWIFT_VERSION = 4.2;
			};
			name = Debug;
		};
		25AE02511F0B7389004EA053 /* Release */ = {
			isa = XCBuildConfiguration;
			buildSettings = {
				ALWAYS_SEARCH_USER_PATHS = NO;
				CLANG_ANALYZER_NONNULL = YES;
				CLANG_ANALYZER_NUMBER_OBJECT_CONVERSION = YES_AGGRESSIVE;
				CLANG_CXX_LANGUAGE_STANDARD = "gnu++14";
				CLANG_CXX_LIBRARY = "libc++";
				CLANG_ENABLE_MODULES = YES;
				CLANG_ENABLE_OBJC_ARC = YES;
				CLANG_WARN_BLOCK_CAPTURE_AUTORELEASING = YES;
				CLANG_WARN_BOOL_CONVERSION = YES;
				CLANG_WARN_COMMA = YES;
				CLANG_WARN_CONSTANT_CONVERSION = YES;
				CLANG_WARN_DIRECT_OBJC_ISA_USAGE = YES_ERROR;
				CLANG_WARN_DOCUMENTATION_COMMENTS = YES;
				CLANG_WARN_EMPTY_BODY = YES;
				CLANG_WARN_ENUM_CONVERSION = YES;
				CLANG_WARN_INFINITE_RECURSION = YES;
				CLANG_WARN_INT_CONVERSION = YES;
				CLANG_WARN_NON_LITERAL_NULL_CONVERSION = YES;
				CLANG_WARN_OBJC_LITERAL_CONVERSION = YES;
				CLANG_WARN_OBJC_ROOT_CLASS = YES_ERROR;
				CLANG_WARN_RANGE_LOOP_ANALYSIS = YES;
				CLANG_WARN_STRICT_PROTOTYPES = YES;
				CLANG_WARN_SUSPICIOUS_MOVE = YES;
				CLANG_WARN_UNGUARDED_AVAILABILITY = YES_AGGRESSIVE;
				CLANG_WARN_UNREACHABLE_CODE = YES;
				CLANG_WARN__DUPLICATE_METHOD_MATCH = YES;
				CODE_SIGN_IDENTITY = "iPhone Developer";
				COPY_PHASE_STRIP = NO;
				DEBUG_INFORMATION_FORMAT = "dwarf-with-dsym";
				ENABLE_NS_ASSERTIONS = NO;
				ENABLE_STRICT_OBJC_MSGSEND = YES;
				GCC_C_LANGUAGE_STANDARD = gnu11;
				GCC_NO_COMMON_BLOCKS = YES;
				GCC_WARN_64_TO_32_BIT_CONVERSION = YES;
				GCC_WARN_ABOUT_RETURN_TYPE = YES_ERROR;
				GCC_WARN_UNDECLARED_SELECTOR = YES;
				GCC_WARN_UNINITIALIZED_AUTOS = YES_AGGRESSIVE;
				GCC_WARN_UNUSED_FUNCTION = YES;
				GCC_WARN_UNUSED_VARIABLE = YES;
				IPHONEOS_DEPLOYMENT_TARGET = 11.0;
				MTL_ENABLE_DEBUG_INFO = NO;
				SDKROOT = iphoneos;
				SWIFT_OPTIMIZATION_LEVEL = "-Owholemodule";
				SWIFT_VERSION = 4.2;
				VALIDATE_PRODUCT = YES;
			};
			name = Release;
		};
		25AE02531F0B7389004EA053 /* Debug */ = {
			isa = XCBuildConfiguration;
			buildSettings = {
				ASSETCATALOG_COMPILER_APPICON_NAME = AppIcon;
				DEVELOPMENT_TEAM = TV5Z7BSC2R;
				INFOPLIST_FILE = "Scrile/Supporting Files/Info.plist";
				IPHONEOS_DEPLOYMENT_TARGET = 10.0;
				LD_RUNPATH_SEARCH_PATHS = "$(inherited) @executable_path/Frameworks";
				PRODUCT_BUNDLE_IDENTIFIER = be.bramseynhaeve.Scrile;
				PRODUCT_NAME = "$(TARGET_NAME)";
				TARGETED_DEVICE_FAMILY = "1,2";
			};
			name = Debug;
		};
		25AE02541F0B7389004EA053 /* Release */ = {
			isa = XCBuildConfiguration;
			buildSettings = {
				ASSETCATALOG_COMPILER_APPICON_NAME = AppIcon;
				DEVELOPMENT_TEAM = TV5Z7BSC2R;
				INFOPLIST_FILE = "Scrile/Supporting Files/Info.plist";
				IPHONEOS_DEPLOYMENT_TARGET = 10.0;
				LD_RUNPATH_SEARCH_PATHS = "$(inherited) @executable_path/Frameworks";
				PRODUCT_BUNDLE_IDENTIFIER = be.bramseynhaeve.Scrile;
				PRODUCT_NAME = "$(TARGET_NAME)";
				TARGETED_DEVICE_FAMILY = "1,2";
			};
			name = Release;
		};
		25AE02561F0B7389004EA053 /* Debug */ = {
			isa = XCBuildConfiguration;
			buildSettings = {
				ALWAYS_EMBED_SWIFT_STANDARD_LIBRARIES = YES;
				BUNDLE_LOADER = "$(TEST_HOST)";
				DEVELOPMENT_TEAM = TV5Z7BSC2R;
				INFOPLIST_FILE = ScrileTests/Info.plist;
				LD_RUNPATH_SEARCH_PATHS = "$(inherited) @executable_path/Frameworks @loader_path/Frameworks";
				PRODUCT_BUNDLE_IDENTIFIER = be.bramseynhaeve.ScrileTests;
				PRODUCT_NAME = "$(TARGET_NAME)";
				SWIFT_VERSION = 4.0;
				TARGETED_DEVICE_FAMILY = "1,2";
				TEST_HOST = "$(BUILT_PRODUCTS_DIR)/Scrile.app/Scrile";
			};
			name = Debug;
		};
		25AE02571F0B7389004EA053 /* Release */ = {
			isa = XCBuildConfiguration;
			buildSettings = {
				ALWAYS_EMBED_SWIFT_STANDARD_LIBRARIES = YES;
				BUNDLE_LOADER = "$(TEST_HOST)";
				DEVELOPMENT_TEAM = TV5Z7BSC2R;
				INFOPLIST_FILE = ScrileTests/Info.plist;
				LD_RUNPATH_SEARCH_PATHS = "$(inherited) @executable_path/Frameworks @loader_path/Frameworks";
				PRODUCT_BUNDLE_IDENTIFIER = be.bramseynhaeve.ScrileTests;
				PRODUCT_NAME = "$(TARGET_NAME)";
				SWIFT_VERSION = 4.0;
				TARGETED_DEVICE_FAMILY = "1,2";
				TEST_HOST = "$(BUILT_PRODUCTS_DIR)/Scrile.app/Scrile";
			};
			name = Release;
		};
		25AE02591F0B7389004EA053 /* Debug */ = {
			isa = XCBuildConfiguration;
			buildSettings = {
				ALWAYS_EMBED_SWIFT_STANDARD_LIBRARIES = YES;
				DEVELOPMENT_TEAM = TV5Z7BSC2R;
				INFOPLIST_FILE = ScrileUITests/Info.plist;
				LD_RUNPATH_SEARCH_PATHS = "$(inherited) @executable_path/Frameworks @loader_path/Frameworks";
				PRODUCT_BUNDLE_IDENTIFIER = be.bramseynhaeve.ScrileUITests;
				PRODUCT_NAME = "$(TARGET_NAME)";
				SWIFT_VERSION = 4.0;
				TARGETED_DEVICE_FAMILY = "1,2";
				TEST_TARGET_NAME = Scrile;
			};
			name = Debug;
		};
		25AE025A1F0B7389004EA053 /* Release */ = {
			isa = XCBuildConfiguration;
			buildSettings = {
				ALWAYS_EMBED_SWIFT_STANDARD_LIBRARIES = YES;
				DEVELOPMENT_TEAM = TV5Z7BSC2R;
				INFOPLIST_FILE = ScrileUITests/Info.plist;
				LD_RUNPATH_SEARCH_PATHS = "$(inherited) @executable_path/Frameworks @loader_path/Frameworks";
				PRODUCT_BUNDLE_IDENTIFIER = be.bramseynhaeve.ScrileUITests;
				PRODUCT_NAME = "$(TARGET_NAME)";
				SWIFT_VERSION = 4.0;
				TARGETED_DEVICE_FAMILY = "1,2";
				TEST_TARGET_NAME = Scrile;
			};
			name = Release;
		};
/* End XCBuildConfiguration section */

/* Begin XCConfigurationList section */
		25AE02251F0B7388004EA053 /* Build configuration list for PBXProject "Scrile" */ = {
			isa = XCConfigurationList;
			buildConfigurations = (
				25AE02501F0B7389004EA053 /* Debug */,
				25AE02511F0B7389004EA053 /* Release */,
			);
			defaultConfigurationIsVisible = 0;
			defaultConfigurationName = Release;
		};
		25AE02521F0B7389004EA053 /* Build configuration list for PBXNativeTarget "Scrile" */ = {
			isa = XCConfigurationList;
			buildConfigurations = (
				25AE02531F0B7389004EA053 /* Debug */,
				25AE02541F0B7389004EA053 /* Release */,
			);
			defaultConfigurationIsVisible = 0;
			defaultConfigurationName = Release;
		};
		25AE02551F0B7389004EA053 /* Build configuration list for PBXNativeTarget "ScrileTests" */ = {
			isa = XCConfigurationList;
			buildConfigurations = (
				25AE02561F0B7389004EA053 /* Debug */,
				25AE02571F0B7389004EA053 /* Release */,
			);
			defaultConfigurationIsVisible = 0;
			defaultConfigurationName = Release;
		};
		25AE02581F0B7389004EA053 /* Build configuration list for PBXNativeTarget "ScrileUITests" */ = {
			isa = XCConfigurationList;
			buildConfigurations = (
				25AE02591F0B7389004EA053 /* Debug */,
				25AE025A1F0B7389004EA053 /* Release */,
			);
			defaultConfigurationIsVisible = 0;
			defaultConfigurationName = Release;
		};
/* End XCConfigurationList section */
	};
	rootObject = 25AE02221F0B7388004EA053 /* Project object */;
}
